// !$*UTF8*$!
{
	archiveVersion = 1;
	classes = {
	};
	objectVersion = 50;
	objects = {

/* Begin PBXBuildFile section */
		093C1578A3E4A1C079D67822 /* Pods_AVFRTest.framework in Frameworks */ = {isa = PBXBuildFile; fileRef = 1028BFBB9D83B2B8672E998F /* Pods_AVFRTest.framework */; };
		98F9CF9321A685CA00D89499 /* AppDelegate.swift in Sources */ = {isa = PBXBuildFile; fileRef = 98F9CF9221A685CA00D89499 /* AppDelegate.swift */; };
		98F9CF9521A685CA00D89499 /* ViewController.swift in Sources */ = {isa = PBXBuildFile; fileRef = 98F9CF9421A685CA00D89499 /* ViewController.swift */; };
		98F9CF9821A685CA00D89499 /* Main.storyboard in Resources */ = {isa = PBXBuildFile; fileRef = 98F9CF9621A685CA00D89499 /* Main.storyboard */; };
		98F9CF9A21A685CC00D89499 /* Assets.xcassets in Resources */ = {isa = PBXBuildFile; fileRef = 98F9CF9921A685CC00D89499 /* Assets.xcassets */; };
		98F9CF9D21A685CC00D89499 /* LaunchScreen.storyboard in Resources */ = {isa = PBXBuildFile; fileRef = 98F9CF9B21A685CC00D89499 /* LaunchScreen.storyboard */; };
		98F9CFA821A685CC00D89499 /* AVFRTestTests.swift in Sources */ = {isa = PBXBuildFile; fileRef = 98F9CFA721A685CC00D89499 /* AVFRTestTests.swift */; };
		98F9CFB321A685CC00D89499 /* AVFRTestUITests.swift in Sources */ = {isa = PBXBuildFile; fileRef = 98F9CFB221A685CC00D89499 /* AVFRTestUITests.swift */; };
		98F9CFC121A68B4D00D89499 /* CustomNaivationViewController.swift in Sources */ = {isa = PBXBuildFile; fileRef = 98F9CFC021A68B4D00D89499 /* CustomNaivationViewController.swift */; };
		98F9CFC321A68BCF00D89499 /* LeftMenuViewController.swift in Sources */ = {isa = PBXBuildFile; fileRef = 98F9CFC221A68BCF00D89499 /* LeftMenuViewController.swift */; };
		98F9CFC521A68F0300D89499 /* CustomTabBarController.swift in Sources */ = {isa = PBXBuildFile; fileRef = 98F9CFC421A68F0300D89499 /* CustomTabBarController.swift */; };
		98F9CFC721A698B600D89499 /* PushViewController.swift in Sources */ = {isa = PBXBuildFile; fileRef = 98F9CFC621A698B600D89499 /* PushViewController.swift */; };
		98F9CFCC21A6AE1200D89499 /* MediaViewController.swift in Sources */ = {isa = PBXBuildFile; fileRef = 98F9CFCB21A6AE1200D89499 /* MediaViewController.swift */; };
		98F9CFCE21A6AE2E00D89499 /* AboutViewController.swift in Sources */ = {isa = PBXBuildFile; fileRef = 98F9CFCD21A6AE2E00D89499 /* AboutViewController.swift */; };
		98F9CFD021A6AE4000D89499 /* HelpViewController.swift in Sources */ = {isa = PBXBuildFile; fileRef = 98F9CFCF21A6AE4000D89499 /* HelpViewController.swift */; };
		98F9CFD221A6AE5400D89499 /* AppSettingViewController.swift in Sources */ = {isa = PBXBuildFile; fileRef = 98F9CFD121A6AE5400D89499 /* AppSettingViewController.swift */; };
		98FA3B2C21A79ED500EF388F /* StreamCollectionViewCell.swift in Sources */ = {isa = PBXBuildFile; fileRef = 98FA3B2B21A79ED500EF388F /* StreamCollectionViewCell.swift */; };
		BC39E35791E66237A18B7182 /* Pods_AVFRTestUITests.framework in Frameworks */ = {isa = PBXBuildFile; fileRef = C41A11FD6C04D9BBC3E4523A /* Pods_AVFRTestUITests.framework */; };
		D17123C926629BEB5FA785D0 /* Pods_AVFRTestTests.framework in Frameworks */ = {isa = PBXBuildFile; fileRef = F7A038FCE53A13510BE847E7 /* Pods_AVFRTestTests.framework */; };
/* End PBXBuildFile section */

/* Begin PBXContainerItemProxy section */
		98F9CFA421A685CC00D89499 /* PBXContainerItemProxy */ = {
			isa = PBXContainerItemProxy;
			containerPortal = 98F9CF8721A685CA00D89499 /* Project object */;
			proxyType = 1;
			remoteGlobalIDString = 98F9CF8E21A685CA00D89499;
			remoteInfo = AVFRTest;
		};
		98F9CFAF21A685CC00D89499 /* PBXContainerItemProxy */ = {
			isa = PBXContainerItemProxy;
			containerPortal = 98F9CF8721A685CA00D89499 /* Project object */;
			proxyType = 1;
			remoteGlobalIDString = 98F9CF8E21A685CA00D89499;
			remoteInfo = AVFRTest;
		};
/* End PBXContainerItemProxy section */

/* Begin PBXFileReference section */
		04054AC0B1062985CC4881C8 /* Pods-AVFRTestUITests.release.xcconfig */ = {isa = PBXFileReference; includeInIndex = 1; lastKnownFileType = text.xcconfig; name = "Pods-AVFRTestUITests.release.xcconfig"; path = "Pods/Target Support Files/Pods-AVFRTestUITests/Pods-AVFRTestUITests.release.xcconfig"; sourceTree = "<group>"; };
		1028BFBB9D83B2B8672E998F /* Pods_AVFRTest.framework */ = {isa = PBXFileReference; explicitFileType = wrapper.framework; includeInIndex = 0; path = Pods_AVFRTest.framework; sourceTree = BUILT_PRODUCTS_DIR; };
		40435A5B2CBC729E99476E7E /* Pods-AVFRTestTests.release.xcconfig */ = {isa = PBXFileReference; includeInIndex = 1; lastKnownFileType = text.xcconfig; name = "Pods-AVFRTestTests.release.xcconfig"; path = "Pods/Target Support Files/Pods-AVFRTestTests/Pods-AVFRTestTests.release.xcconfig"; sourceTree = "<group>"; };
		62FE0ED4ACFA1247E1066130 /* Pods-AVFRTestUITests.debug.xcconfig */ = {isa = PBXFileReference; includeInIndex = 1; lastKnownFileType = text.xcconfig; name = "Pods-AVFRTestUITests.debug.xcconfig"; path = "Pods/Target Support Files/Pods-AVFRTestUITests/Pods-AVFRTestUITests.debug.xcconfig"; sourceTree = "<group>"; };
		79C92E7BF1F9485149C6CDF5 /* Pods-AVFRTestTests.debug.xcconfig */ = {isa = PBXFileReference; includeInIndex = 1; lastKnownFileType = text.xcconfig; name = "Pods-AVFRTestTests.debug.xcconfig"; path = "Pods/Target Support Files/Pods-AVFRTestTests/Pods-AVFRTestTests.debug.xcconfig"; sourceTree = "<group>"; };
		97FF127D13CE15D755932097 /* Pods-AVFRTest.debug.xcconfig */ = {isa = PBXFileReference; includeInIndex = 1; lastKnownFileType = text.xcconfig; name = "Pods-AVFRTest.debug.xcconfig"; path = "Pods/Target Support Files/Pods-AVFRTest/Pods-AVFRTest.debug.xcconfig"; sourceTree = "<group>"; };
		98F9CF8F21A685CA00D89499 /* AVFRTest.app */ = {isa = PBXFileReference; explicitFileType = wrapper.application; includeInIndex = 0; path = AVFRTest.app; sourceTree = BUILT_PRODUCTS_DIR; };
		98F9CF9221A685CA00D89499 /* AppDelegate.swift */ = {isa = PBXFileReference; lastKnownFileType = sourcecode.swift; path = AppDelegate.swift; sourceTree = "<group>"; };
		98F9CF9421A685CA00D89499 /* ViewController.swift */ = {isa = PBXFileReference; lastKnownFileType = sourcecode.swift; path = ViewController.swift; sourceTree = "<group>"; };
		98F9CF9721A685CA00D89499 /* Base */ = {isa = PBXFileReference; lastKnownFileType = file.storyboard; name = Base; path = Base.lproj/Main.storyboard; sourceTree = "<group>"; };
		98F9CF9921A685CC00D89499 /* Assets.xcassets */ = {isa = PBXFileReference; lastKnownFileType = folder.assetcatalog; path = Assets.xcassets; sourceTree = "<group>"; };
		98F9CF9C21A685CC00D89499 /* Base */ = {isa = PBXFileReference; lastKnownFileType = file.storyboard; name = Base; path = Base.lproj/LaunchScreen.storyboard; sourceTree = "<group>"; };
		98F9CF9E21A685CC00D89499 /* Info.plist */ = {isa = PBXFileReference; lastKnownFileType = text.plist.xml; path = Info.plist; sourceTree = "<group>"; };
		98F9CFA321A685CC00D89499 /* AVFRTestTests.xctest */ = {isa = PBXFileReference; explicitFileType = wrapper.cfbundle; includeInIndex = 0; path = AVFRTestTests.xctest; sourceTree = BUILT_PRODUCTS_DIR; };
		98F9CFA721A685CC00D89499 /* AVFRTestTests.swift */ = {isa = PBXFileReference; lastKnownFileType = sourcecode.swift; path = AVFRTestTests.swift; sourceTree = "<group>"; };
		98F9CFA921A685CC00D89499 /* Info.plist */ = {isa = PBXFileReference; lastKnownFileType = text.plist.xml; path = Info.plist; sourceTree = "<group>"; };
		98F9CFAE21A685CC00D89499 /* AVFRTestUITests.xctest */ = {isa = PBXFileReference; explicitFileType = wrapper.cfbundle; includeInIndex = 0; path = AVFRTestUITests.xctest; sourceTree = BUILT_PRODUCTS_DIR; };
		98F9CFB221A685CC00D89499 /* AVFRTestUITests.swift */ = {isa = PBXFileReference; lastKnownFileType = sourcecode.swift; path = AVFRTestUITests.swift; sourceTree = "<group>"; };
		98F9CFB421A685CC00D89499 /* Info.plist */ = {isa = PBXFileReference; lastKnownFileType = text.plist.xml; path = Info.plist; sourceTree = "<group>"; };
		98F9CFC021A68B4D00D89499 /* CustomNaivationViewController.swift */ = {isa = PBXFileReference; lastKnownFileType = sourcecode.swift; path = CustomNaivationViewController.swift; sourceTree = "<group>"; };
		98F9CFC221A68BCF00D89499 /* LeftMenuViewController.swift */ = {isa = PBXFileReference; lastKnownFileType = sourcecode.swift; path = LeftMenuViewController.swift; sourceTree = "<group>"; };
		98F9CFC421A68F0300D89499 /* CustomTabBarController.swift */ = {isa = PBXFileReference; lastKnownFileType = sourcecode.swift; path = CustomTabBarController.swift; sourceTree = "<group>"; };
		98F9CFC621A698B600D89499 /* PushViewController.swift */ = {isa = PBXFileReference; lastKnownFileType = sourcecode.swift; path = PushViewController.swift; sourceTree = "<group>"; };
		98F9CFCB21A6AE1200D89499 /* MediaViewController.swift */ = {isa = PBXFileReference; lastKnownFileType = sourcecode.swift; path = MediaViewController.swift; sourceTree = "<group>"; };
		98F9CFCD21A6AE2E00D89499 /* AboutViewController.swift */ = {isa = PBXFileReference; lastKnownFileType = sourcecode.swift; path = AboutViewController.swift; sourceTree = "<group>"; };
		98F9CFCF21A6AE4000D89499 /* HelpViewController.swift */ = {isa = PBXFileReference; lastKnownFileType = sourcecode.swift; path = HelpViewController.swift; sourceTree = "<group>"; };
		98F9CFD121A6AE5400D89499 /* AppSettingViewController.swift */ = {isa = PBXFileReference; lastKnownFileType = sourcecode.swift; path = AppSettingViewController.swift; sourceTree = "<group>"; };
		98FA3B2B21A79ED500EF388F /* StreamCollectionViewCell.swift */ = {isa = PBXFileReference; lastKnownFileType = sourcecode.swift; path = StreamCollectionViewCell.swift; sourceTree = "<group>"; };
		C41A11FD6C04D9BBC3E4523A /* Pods_AVFRTestUITests.framework */ = {isa = PBXFileReference; explicitFileType = wrapper.framework; includeInIndex = 0; path = Pods_AVFRTestUITests.framework; sourceTree = BUILT_PRODUCTS_DIR; };
		D6D20F8CE2BD65707C617438 /* Pods-AVFRTest.release.xcconfig */ = {isa = PBXFileReference; includeInIndex = 1; lastKnownFileType = text.xcconfig; name = "Pods-AVFRTest.release.xcconfig"; path = "Pods/Target Support Files/Pods-AVFRTest/Pods-AVFRTest.release.xcconfig"; sourceTree = "<group>"; };
		F7A038FCE53A13510BE847E7 /* Pods_AVFRTestTests.framework */ = {isa = PBXFileReference; explicitFileType = wrapper.framework; includeInIndex = 0; path = Pods_AVFRTestTests.framework; sourceTree = BUILT_PRODUCTS_DIR; };
/* End PBXFileReference section */

/* Begin PBXFrameworksBuildPhase section */
		98F9CF8C21A685CA00D89499 /* Frameworks */ = {
			isa = PBXFrameworksBuildPhase;
			buildActionMask = 2147483647;
			files = (
				093C1578A3E4A1C079D67822 /* Pods_AVFRTest.framework in Frameworks */,
			);
			runOnlyForDeploymentPostprocessing = 0;
		};
		98F9CFA021A685CC00D89499 /* Frameworks */ = {
			isa = PBXFrameworksBuildPhase;
			buildActionMask = 2147483647;
			files = (
				D17123C926629BEB5FA785D0 /* Pods_AVFRTestTests.framework in Frameworks */,
			);
			runOnlyForDeploymentPostprocessing = 0;
		};
		98F9CFAB21A685CC00D89499 /* Frameworks */ = {
			isa = PBXFrameworksBuildPhase;
			buildActionMask = 2147483647;
			files = (
				BC39E35791E66237A18B7182 /* Pods_AVFRTestUITests.framework in Frameworks */,
			);
			runOnlyForDeploymentPostprocessing = 0;
		};
/* End PBXFrameworksBuildPhase section */

/* Begin PBXGroup section */
		506432326A7570FA56324191 /* Frameworks */ = {
			isa = PBXGroup;
			children = (
				1028BFBB9D83B2B8672E998F /* Pods_AVFRTest.framework */,
				F7A038FCE53A13510BE847E7 /* Pods_AVFRTestTests.framework */,
				C41A11FD6C04D9BBC3E4523A /* Pods_AVFRTestUITests.framework */,
			);
			name = Frameworks;
			sourceTree = "<group>";
		};
		98F9CF8621A685CA00D89499 = {
			isa = PBXGroup;
			children = (
				98F9CF9121A685CA00D89499 /* AVFRTest */,
				98F9CFA621A685CC00D89499 /* AVFRTestTests */,
				98F9CFB121A685CC00D89499 /* AVFRTestUITests */,
				98F9CF9021A685CA00D89499 /* Products */,
				B809D66134F693EE96027F6F /* Pods */,
				506432326A7570FA56324191 /* Frameworks */,
			);
			sourceTree = "<group>";
		};
		98F9CF9021A685CA00D89499 /* Products */ = {
			isa = PBXGroup;
			children = (
				98F9CF8F21A685CA00D89499 /* AVFRTest.app */,
				98F9CFA321A685CC00D89499 /* AVFRTestTests.xctest */,
				98F9CFAE21A685CC00D89499 /* AVFRTestUITests.xctest */,
			);
			name = Products;
			sourceTree = "<group>";
		};
		98F9CF9121A685CA00D89499 /* AVFRTest */ = {
			isa = PBXGroup;
			children = (
				98F9CFCA21A6ADE400D89499 /* DrawerItems */,
				98F9CF9221A685CA00D89499 /* AppDelegate.swift */,
				98F9CF9421A685CA00D89499 /* ViewController.swift */,
				98F9CFC021A68B4D00D89499 /* CustomNaivationViewController.swift */,
				98F9CF9621A685CA00D89499 /* Main.storyboard */,
				98F9CF9921A685CC00D89499 /* Assets.xcassets */,
				98F9CF9B21A685CC00D89499 /* LaunchScreen.storyboard */,
				98F9CF9E21A685CC00D89499 /* Info.plist */,
				98F9CFC221A68BCF00D89499 /* LeftMenuViewController.swift */,
				98F9CFC421A68F0300D89499 /* CustomTabBarController.swift */,
				98F9CFC621A698B600D89499 /* PushViewController.swift */,
				98FA3B2B21A79ED500EF388F /* StreamCollectionViewCell.swift */,
			);
			path = AVFRTest;
			sourceTree = "<group>";
		};
		98F9CFA621A685CC00D89499 /* AVFRTestTests */ = {
			isa = PBXGroup;
			children = (
				98F9CFA721A685CC00D89499 /* AVFRTestTests.swift */,
				98F9CFA921A685CC00D89499 /* Info.plist */,
			);
			path = AVFRTestTests;
			sourceTree = "<group>";
		};
		98F9CFB121A685CC00D89499 /* AVFRTestUITests */ = {
			isa = PBXGroup;
			children = (
				98F9CFB221A685CC00D89499 /* AVFRTestUITests.swift */,
				98F9CFB421A685CC00D89499 /* Info.plist */,
			);
			path = AVFRTestUITests;
			sourceTree = "<group>";
		};
		98F9CFCA21A6ADE400D89499 /* DrawerItems */ = {
			isa = PBXGroup;
			children = (
				98F9CFCB21A6AE1200D89499 /* MediaViewController.swift */,
				98F9CFD121A6AE5400D89499 /* AppSettingViewController.swift */,
				98F9CFCD21A6AE2E00D89499 /* AboutViewController.swift */,
				98F9CFCF21A6AE4000D89499 /* HelpViewController.swift */,
			);
			path = DrawerItems;
			sourceTree = "<group>";
		};
		B809D66134F693EE96027F6F /* Pods */ = {
			isa = PBXGroup;
			children = (
				97FF127D13CE15D755932097 /* Pods-AVFRTest.debug.xcconfig */,
				D6D20F8CE2BD65707C617438 /* Pods-AVFRTest.release.xcconfig */,
				79C92E7BF1F9485149C6CDF5 /* Pods-AVFRTestTests.debug.xcconfig */,
				40435A5B2CBC729E99476E7E /* Pods-AVFRTestTests.release.xcconfig */,
				62FE0ED4ACFA1247E1066130 /* Pods-AVFRTestUITests.debug.xcconfig */,
				04054AC0B1062985CC4881C8 /* Pods-AVFRTestUITests.release.xcconfig */,
			);
			name = Pods;
			sourceTree = "<group>";
		};
/* End PBXGroup section */

/* Begin PBXNativeTarget section */
		98F9CF8E21A685CA00D89499 /* AVFRTest */ = {
			isa = PBXNativeTarget;
			buildConfigurationList = 98F9CFB721A685CC00D89499 /* Build configuration list for PBXNativeTarget "AVFRTest" */;
			buildPhases = (
				D58C1E1364251DF57F3C24F0 /* [CP] Check Pods Manifest.lock */,
				98F9CF8B21A685CA00D89499 /* Sources */,
				98F9CF8C21A685CA00D89499 /* Frameworks */,
				98F9CF8D21A685CA00D89499 /* Resources */,
				C730559752AE7A6D5E0DA4D5 /* [CP] Embed Pods Frameworks */,
			);
			buildRules = (
			);
			dependencies = (
			);
			name = AVFRTest;
			productName = AVFRTest;
			productReference = 98F9CF8F21A685CA00D89499 /* AVFRTest.app */;
			productType = "com.apple.product-type.application";
		};
		98F9CFA221A685CC00D89499 /* AVFRTestTests */ = {
			isa = PBXNativeTarget;
			buildConfigurationList = 98F9CFBA21A685CC00D89499 /* Build configuration list for PBXNativeTarget "AVFRTestTests" */;
			buildPhases = (
				F89B0B5BA2EE870904907881 /* [CP] Check Pods Manifest.lock */,
				98F9CF9F21A685CC00D89499 /* Sources */,
				98F9CFA021A685CC00D89499 /* Frameworks */,
				98F9CFA121A685CC00D89499 /* Resources */,
			);
			buildRules = (
			);
			dependencies = (
				98F9CFA521A685CC00D89499 /* PBXTargetDependency */,
			);
			name = AVFRTestTests;
			productName = AVFRTestTests;
			productReference = 98F9CFA321A685CC00D89499 /* AVFRTestTests.xctest */;
			productType = "com.apple.product-type.bundle.unit-test";
		};
		98F9CFAD21A685CC00D89499 /* AVFRTestUITests */ = {
			isa = PBXNativeTarget;
			buildConfigurationList = 98F9CFBD21A685CC00D89499 /* Build configuration list for PBXNativeTarget "AVFRTestUITests" */;
			buildPhases = (
				B3FFCA50981FA57B9B96E2C5 /* [CP] Check Pods Manifest.lock */,
				98F9CFAA21A685CC00D89499 /* Sources */,
				98F9CFAB21A685CC00D89499 /* Frameworks */,
				98F9CFAC21A685CC00D89499 /* Resources */,
			);
			buildRules = (
			);
			dependencies = (
				98F9CFB021A685CC00D89499 /* PBXTargetDependency */,
			);
			name = AVFRTestUITests;
			productName = AVFRTestUITests;
			productReference = 98F9CFAE21A685CC00D89499 /* AVFRTestUITests.xctest */;
			productType = "com.apple.product-type.bundle.ui-testing";
		};
/* End PBXNativeTarget section */

/* Begin PBXProject section */
		98F9CF8721A685CA00D89499 /* Project object */ = {
			isa = PBXProject;
			attributes = {
				LastSwiftUpdateCheck = 1010;
				LastUpgradeCheck = 1010;
				ORGANIZATIONNAME = "Johnson Chan";
				TargetAttributes = {
					98F9CF8E21A685CA00D89499 = {
						CreatedOnToolsVersion = 10.1;
					};
					98F9CFA221A685CC00D89499 = {
						CreatedOnToolsVersion = 10.1;
						TestTargetID = 98F9CF8E21A685CA00D89499;
					};
					98F9CFAD21A685CC00D89499 = {
						CreatedOnToolsVersion = 10.1;
						TestTargetID = 98F9CF8E21A685CA00D89499;
					};
				};
			};
			buildConfigurationList = 98F9CF8A21A685CA00D89499 /* Build configuration list for PBXProject "AVFRTest" */;
			compatibilityVersion = "Xcode 9.3";
			developmentRegion = en;
			hasScannedForEncodings = 0;
			knownRegions = (
				en,
				Base,
			);
			mainGroup = 98F9CF8621A685CA00D89499;
			productRefGroup = 98F9CF9021A685CA00D89499 /* Products */;
			projectDirPath = "";
			projectRoot = "";
			targets = (
				98F9CF8E21A685CA00D89499 /* AVFRTest */,
				98F9CFA221A685CC00D89499 /* AVFRTestTests */,
				98F9CFAD21A685CC00D89499 /* AVFRTestUITests */,
			);
		};
/* End PBXProject section */

/* Begin PBXResourcesBuildPhase section */
		98F9CF8D21A685CA00D89499 /* Resources */ = {
			isa = PBXResourcesBuildPhase;
			buildActionMask = 2147483647;
			files = (
				98F9CF9D21A685CC00D89499 /* LaunchScreen.storyboard in Resources */,
				98F9CF9A21A685CC00D89499 /* Assets.xcassets in Resources */,
				98F9CF9821A685CA00D89499 /* Main.storyboard in Resources */,
			);
			runOnlyForDeploymentPostprocessing = 0;
		};
		98F9CFA121A685CC00D89499 /* Resources */ = {
			isa = PBXResourcesBuildPhase;
			buildActionMask = 2147483647;
			files = (
			);
			runOnlyForDeploymentPostprocessing = 0;
		};
		98F9CFAC21A685CC00D89499 /* Resources */ = {
			isa = PBXResourcesBuildPhase;
			buildActionMask = 2147483647;
			files = (
			);
			runOnlyForDeploymentPostprocessing = 0;
		};
/* End PBXResourcesBuildPhase section */

/* Begin PBXShellScriptBuildPhase section */
		B3FFCA50981FA57B9B96E2C5 /* [CP] Check Pods Manifest.lock */ = {
			isa = PBXShellScriptBuildPhase;
			buildActionMask = 2147483647;
			files = (
			);
			inputFileListPaths = (
			);
			inputPaths = (
				"${PODS_PODFILE_DIR_PATH}/Podfile.lock",
				"${PODS_ROOT}/Manifest.lock",
			);
			name = "[CP] Check Pods Manifest.lock";
			outputFileListPaths = (
			);
			outputPaths = (
				"$(DERIVED_FILE_DIR)/Pods-AVFRTestUITests-checkManifestLockResult.txt",
			);
			runOnlyForDeploymentPostprocessing = 0;
			shellPath = /bin/sh;
			shellScript = "diff \"${PODS_PODFILE_DIR_PATH}/Podfile.lock\" \"${PODS_ROOT}/Manifest.lock\" > /dev/null\nif [ $? != 0 ] ; then\n    # print error to STDERR\n    echo \"error: The sandbox is not in sync with the Podfile.lock. Run 'pod install' or update your CocoaPods installation.\" >&2\n    exit 1\nfi\n# This output is used by Xcode 'outputs' to avoid re-running this script phase.\necho \"SUCCESS\" > \"${SCRIPT_OUTPUT_FILE_0}\"\n";
			showEnvVarsInLog = 0;
		};
		C730559752AE7A6D5E0DA4D5 /* [CP] Embed Pods Frameworks */ = {
			isa = PBXShellScriptBuildPhase;
			buildActionMask = 2147483647;
			files = (
			);
			inputFileListPaths = (
			);
			inputPaths = (
				"${SRCROOT}/Pods/Target Support Files/Pods-AVFRTest/Pods-AVFRTest-frameworks.sh",
				"${BUILT_PRODUCTS_DIR}/LNSideMenu/LNSideMenu.framework",
			);
			name = "[CP] Embed Pods Frameworks";
			outputFileListPaths = (
			);
			outputPaths = (
				"${TARGET_BUILD_DIR}/${FRAMEWORKS_FOLDER_PATH}/LNSideMenu.framework",
			);
			runOnlyForDeploymentPostprocessing = 0;
			shellPath = /bin/sh;
			shellScript = "\"${SRCROOT}/Pods/Target Support Files/Pods-AVFRTest/Pods-AVFRTest-frameworks.sh\"\n";
			showEnvVarsInLog = 0;
		};
		D58C1E1364251DF57F3C24F0 /* [CP] Check Pods Manifest.lock */ = {
			isa = PBXShellScriptBuildPhase;
			buildActionMask = 2147483647;
			files = (
			);
			inputFileListPaths = (
			);
			inputPaths = (
				"${PODS_PODFILE_DIR_PATH}/Podfile.lock",
				"${PODS_ROOT}/Manifest.lock",
			);
			name = "[CP] Check Pods Manifest.lock";
			outputFileListPaths = (
			);
			outputPaths = (
				"$(DERIVED_FILE_DIR)/Pods-AVFRTest-checkManifestLockResult.txt",
			);
			runOnlyForDeploymentPostprocessing = 0;
			shellPath = /bin/sh;
			shellScript = "diff \"${PODS_PODFILE_DIR_PATH}/Podfile.lock\" \"${PODS_ROOT}/Manifest.lock\" > /dev/null\nif [ $? != 0 ] ; then\n    # print error to STDERR\n    echo \"error: The sandbox is not in sync with the Podfile.lock. Run 'pod install' or update your CocoaPods installation.\" >&2\n    exit 1\nfi\n# This output is used by Xcode 'outputs' to avoid re-running this script phase.\necho \"SUCCESS\" > \"${SCRIPT_OUTPUT_FILE_0}\"\n";
			showEnvVarsInLog = 0;
		};
		F89B0B5BA2EE870904907881 /* [CP] Check Pods Manifest.lock */ = {
			isa = PBXShellScriptBuildPhase;
			buildActionMask = 2147483647;
			files = (
			);
			inputFileListPaths = (
			);
			inputPaths = (
				"${PODS_PODFILE_DIR_PATH}/Podfile.lock",
				"${PODS_ROOT}/Manifest.lock",
			);
			name = "[CP] Check Pods Manifest.lock";
			outputFileListPaths = (
			);
			outputPaths = (
				"$(DERIVED_FILE_DIR)/Pods-AVFRTestTests-checkManifestLockResult.txt",
			);
			runOnlyForDeploymentPostprocessing = 0;
			shellPath = /bin/sh;
			shellScript = "diff \"${PODS_PODFILE_DIR_PATH}/Podfile.lock\" \"${PODS_ROOT}/Manifest.lock\" > /dev/null\nif [ $? != 0 ] ; then\n    # print error to STDERR\n    echo \"error: The sandbox is not in sync with the Podfile.lock. Run 'pod install' or update your CocoaPods installation.\" >&2\n    exit 1\nfi\n# This output is used by Xcode 'outputs' to avoid re-running this script phase.\necho \"SUCCESS\" > \"${SCRIPT_OUTPUT_FILE_0}\"\n";
			showEnvVarsInLog = 0;
		};
/* End PBXShellScriptBuildPhase section */

/* Begin PBXSourcesBuildPhase section */
		98F9CF8B21A685CA00D89499 /* Sources */ = {
			isa = PBXSourcesBuildPhase;
			buildActionMask = 2147483647;
			files = (
				98F9CF9521A685CA00D89499 /* ViewController.swift in Sources */,
				98F9CFCC21A6AE1200D89499 /* MediaViewController.swift in Sources */,
				98F9CF9321A685CA00D89499 /* AppDelegate.swift in Sources */,
				98F9CFC721A698B600D89499 /* PushViewController.swift in Sources */,
				98F9CFD021A6AE4000D89499 /* HelpViewController.swift in Sources */,
				98F9CFD221A6AE5400D89499 /* AppSettingViewController.swift in Sources */,
				98F9CFC521A68F0300D89499 /* CustomTabBarController.swift in Sources */,
				98F9CFC321A68BCF00D89499 /* LeftMenuViewController.swift in Sources */,
				98F9CFCE21A6AE2E00D89499 /* AboutViewController.swift in Sources */,
				98FA3B2C21A79ED500EF388F /* StreamCollectionViewCell.swift in Sources */,
				98F9CFC121A68B4D00D89499 /* CustomNaivationViewController.swift in Sources */,
			);
			runOnlyForDeploymentPostprocessing = 0;
		};
		98F9CF9F21A685CC00D89499 /* Sources */ = {
			isa = PBXSourcesBuildPhase;
			buildActionMask = 2147483647;
			files = (
				98F9CFA821A685CC00D89499 /* AVFRTestTests.swift in Sources */,
			);
			runOnlyForDeploymentPostprocessing = 0;
		};
		98F9CFAA21A685CC00D89499 /* Sources */ = {
			isa = PBXSourcesBuildPhase;
			buildActionMask = 2147483647;
			files = (
				98F9CFB321A685CC00D89499 /* AVFRTestUITests.swift in Sources */,
			);
			runOnlyForDeploymentPostprocessing = 0;
		};
/* End PBXSourcesBuildPhase section */

/* Begin PBXTargetDependency section */
		98F9CFA521A685CC00D89499 /* PBXTargetDependency */ = {
			isa = PBXTargetDependency;
			target = 98F9CF8E21A685CA00D89499 /* AVFRTest */;
			targetProxy = 98F9CFA421A685CC00D89499 /* PBXContainerItemProxy */;
		};
		98F9CFB021A685CC00D89499 /* PBXTargetDependency */ = {
			isa = PBXTargetDependency;
			target = 98F9CF8E21A685CA00D89499 /* AVFRTest */;
			targetProxy = 98F9CFAF21A685CC00D89499 /* PBXContainerItemProxy */;
		};
/* End PBXTargetDependency section */

/* Begin PBXVariantGroup section */
		98F9CF9621A685CA00D89499 /* Main.storyboard */ = {
			isa = PBXVariantGroup;
			children = (
				98F9CF9721A685CA00D89499 /* Base */,
			);
			name = Main.storyboard;
			sourceTree = "<group>";
		};
		98F9CF9B21A685CC00D89499 /* LaunchScreen.storyboard */ = {
			isa = PBXVariantGroup;
			children = (
				98F9CF9C21A685CC00D89499 /* Base */,
			);
			name = LaunchScreen.storyboard;
			sourceTree = "<group>";
		};
/* End PBXVariantGroup section */

/* Begin XCBuildConfiguration section */
		98F9CFB521A685CC00D89499 /* Debug */ = {
			isa = XCBuildConfiguration;
			buildSettings = {
				ALWAYS_SEARCH_USER_PATHS = NO;
				CLANG_ANALYZER_NONNULL = YES;
				CLANG_ANALYZER_NUMBER_OBJECT_CONVERSION = YES_AGGRESSIVE;
				CLANG_CXX_LANGUAGE_STANDARD = "gnu++14";
				CLANG_CXX_LIBRARY = "libc++";
				CLANG_ENABLE_MODULES = YES;
				CLANG_ENABLE_OBJC_ARC = YES;
				CLANG_ENABLE_OBJC_WEAK = YES;
				CLANG_WARN_BLOCK_CAPTURE_AUTORELEASING = YES;
				CLANG_WARN_BOOL_CONVERSION = YES;
				CLANG_WARN_COMMA = YES;
				CLANG_WARN_CONSTANT_CONVERSION = YES;
				CLANG_WARN_DEPRECATED_OBJC_IMPLEMENTATIONS = YES;
				CLANG_WARN_DIRECT_OBJC_ISA_USAGE = YES_ERROR;
				CLANG_WARN_DOCUMENTATION_COMMENTS = YES;
				CLANG_WARN_EMPTY_BODY = YES;
				CLANG_WARN_ENUM_CONVERSION = YES;
				CLANG_WARN_INFINITE_RECURSION = YES;
				CLANG_WARN_INT_CONVERSION = YES;
				CLANG_WARN_NON_LITERAL_NULL_CONVERSION = YES;
				CLANG_WARN_OBJC_IMPLICIT_RETAIN_SELF = YES;
				CLANG_WARN_OBJC_LITERAL_CONVERSION = YES;
				CLANG_WARN_OBJC_ROOT_CLASS = YES_ERROR;
				CLANG_WARN_RANGE_LOOP_ANALYSIS = YES;
				CLANG_WARN_STRICT_PROTOTYPES = YES;
				CLANG_WARN_SUSPICIOUS_MOVE = YES;
				CLANG_WARN_UNGUARDED_AVAILABILITY = YES_AGGRESSIVE;
				CLANG_WARN_UNREACHABLE_CODE = YES;
				CLANG_WARN__DUPLICATE_METHOD_MATCH = YES;
				CODE_SIGN_IDENTITY = "iPhone Developer";
				COPY_PHASE_STRIP = NO;
				DEBUG_INFORMATION_FORMAT = dwarf;
				ENABLE_STRICT_OBJC_MSGSEND = YES;
				ENABLE_TESTABILITY = YES;
				GCC_C_LANGUAGE_STANDARD = gnu11;
				GCC_DYNAMIC_NO_PIC = NO;
				GCC_NO_COMMON_BLOCKS = YES;
				GCC_OPTIMIZATION_LEVEL = 0;
				GCC_PREPROCESSOR_DEFINITIONS = (
					"DEBUG=1",
					"$(inherited)",
				);
				GCC_WARN_64_TO_32_BIT_CONVERSION = YES;
				GCC_WARN_ABOUT_RETURN_TYPE = YES_ERROR;
				GCC_WARN_UNDECLARED_SELECTOR = YES;
				GCC_WARN_UNINITIALIZED_AUTOS = YES_AGGRESSIVE;
				GCC_WARN_UNUSED_FUNCTION = YES;
				GCC_WARN_UNUSED_VARIABLE = YES;
				IPHONEOS_DEPLOYMENT_TARGET = 12.1;
				MTL_ENABLE_DEBUG_INFO = INCLUDE_SOURCE;
				MTL_FAST_MATH = YES;
				ONLY_ACTIVE_ARCH = YES;
				SDKROOT = iphoneos;
				SWIFT_ACTIVE_COMPILATION_CONDITIONS = DEBUG;
				SWIFT_OPTIMIZATION_LEVEL = "-Onone";
			};
			name = Debug;
		};
		98F9CFB621A685CC00D89499 /* Release */ = {
			isa = XCBuildConfiguration;
			buildSettings = {
				ALWAYS_SEARCH_USER_PATHS = NO;
				CLANG_ANALYZER_NONNULL = YES;
				CLANG_ANALYZER_NUMBER_OBJECT_CONVERSION = YES_AGGRESSIVE;
				CLANG_CXX_LANGUAGE_STANDARD = "gnu++14";
				CLANG_CXX_LIBRARY = "libc++";
				CLANG_ENABLE_MODULES = YES;
				CLANG_ENABLE_OBJC_ARC = YES;
				CLANG_ENABLE_OBJC_WEAK = YES;
				CLANG_WARN_BLOCK_CAPTURE_AUTORELEASING = YES;
				CLANG_WARN_BOOL_CONVERSION = YES;
				CLANG_WARN_COMMA = YES;
				CLANG_WARN_CONSTANT_CONVERSION = YES;
				CLANG_WARN_DEPRECATED_OBJC_IMPLEMENTATIONS = YES;
				CLANG_WARN_DIRECT_OBJC_ISA_USAGE = YES_ERROR;
				CLANG_WARN_DOCUMENTATION_COMMENTS = YES;
				CLANG_WARN_EMPTY_BODY = YES;
				CLANG_WARN_ENUM_CONVERSION = YES;
				CLANG_WARN_INFINITE_RECURSION = YES;
				CLANG_WARN_INT_CONVERSION = YES;
				CLANG_WARN_NON_LITERAL_NULL_CONVERSION = YES;
				CLANG_WARN_OBJC_IMPLICIT_RETAIN_SELF = YES;
				CLANG_WARN_OBJC_LITERAL_CONVERSION = YES;
				CLANG_WARN_OBJC_ROOT_CLASS = YES_ERROR;
				CLANG_WARN_RANGE_LOOP_ANALYSIS = YES;
				CLANG_WARN_STRICT_PROTOTYPES = YES;
				CLANG_WARN_SUSPICIOUS_MOVE = YES;
				CLANG_WARN_UNGUARDED_AVAILABILITY = YES_AGGRESSIVE;
				CLANG_WARN_UNREACHABLE_CODE = YES;
				CLANG_WARN__DUPLICATE_METHOD_MATCH = YES;
				CODE_SIGN_IDENTITY = "iPhone Developer";
				COPY_PHASE_STRIP = NO;
				DEBUG_INFORMATION_FORMAT = "dwarf-with-dsym";
				ENABLE_NS_ASSERTIONS = NO;
				ENABLE_STRICT_OBJC_MSGSEND = YES;
				GCC_C_LANGUAGE_STANDARD = gnu11;
				GCC_NO_COMMON_BLOCKS = YES;
				GCC_WARN_64_TO_32_BIT_CONVERSION = YES;
				GCC_WARN_ABOUT_RETURN_TYPE = YES_ERROR;
				GCC_WARN_UNDECLARED_SELECTOR = YES;
				GCC_WARN_UNINITIALIZED_AUTOS = YES_AGGRESSIVE;
				GCC_WARN_UNUSED_FUNCTION = YES;
				GCC_WARN_UNUSED_VARIABLE = YES;
				IPHONEOS_DEPLOYMENT_TARGET = 12.1;
				MTL_ENABLE_DEBUG_INFO = NO;
				MTL_FAST_MATH = YES;
				SDKROOT = iphoneos;
				SWIFT_COMPILATION_MODE = wholemodule;
				SWIFT_OPTIMIZATION_LEVEL = "-O";
				VALIDATE_PRODUCT = YES;
			};
			name = Release;
		};
		98F9CFB821A685CC00D89499 /* Debug */ = {
			isa = XCBuildConfiguration;
			baseConfigurationReference = 97FF127D13CE15D755932097 /* Pods-AVFRTest.debug.xcconfig */;
			buildSettings = {
				ASSETCATALOG_COMPILER_APPICON_NAME = AppIcon;
				CODE_SIGN_STYLE = Automatic;
				INFOPLIST_FILE = AVFRTest/Info.plist;
				LD_RUNPATH_SEARCH_PATHS = (
					"$(inherited)",
					"@executable_path/Frameworks",
				);
				PRODUCT_BUNDLE_IDENTIFIER = com.test.johnson.AVFRTest;
				PRODUCT_NAME = "$(TARGET_NAME)";
				SWIFT_VERSION = 4.2;
				TARGETED_DEVICE_FAMILY = "1,2";
			};
			name = Debug;
		};
		98F9CFB921A685CC00D89499 /* Release */ = {
			isa = XCBuildConfiguration;
			baseConfigurationReference = D6D20F8CE2BD65707C617438 /* Pods-AVFRTest.release.xcconfig */;
			buildSettings = {
				ASSETCATALOG_COMPILER_APPICON_NAME = AppIcon;
				CODE_SIGN_STYLE = Automatic;
				INFOPLIST_FILE = AVFRTest/Info.plist;
				LD_RUNPATH_SEARCH_PATHS = (
					"$(inherited)",
					"@executable_path/Frameworks",
				);
				PRODUCT_BUNDLE_IDENTIFIER = com.test.johnson.AVFRTest;
				PRODUCT_NAME = "$(TARGET_NAME)";
				SWIFT_VERSION = 4.2;
				TARGETED_DEVICE_FAMILY = "1,2";
			};
			name = Release;
		};
		98F9CFBB21A685CC00D89499 /* Debug */ = {
			isa = XCBuildConfiguration;
			baseConfigurationReference = 79C92E7BF1F9485149C6CDF5 /* Pods-AVFRTestTests.debug.xcconfig */;
			buildSettings = {
				ALWAYS_EMBED_SWIFT_STANDARD_LIBRARIES = YES;
				BUNDLE_LOADER = "$(TEST_HOST)";
				CODE_SIGN_STYLE = Automatic;
				INFOPLIST_FILE = AVFRTestTests/Info.plist;
				LD_RUNPATH_SEARCH_PATHS = (
					"$(inherited)",
					"@executable_path/Frameworks",
					"@loader_path/Frameworks",
				);
				PRODUCT_BUNDLE_IDENTIFIER = com.test.johnson.AVFRTestTests;
				PRODUCT_NAME = "$(TARGET_NAME)";
				SWIFT_VERSION = 4.2;
				TARGETED_DEVICE_FAMILY = "1,2";
				TEST_HOST = "$(BUILT_PRODUCTS_DIR)/AVFRTest.app/AVFRTest";
			};
			name = Debug;
		};
		98F9CFBC21A685CC00D89499 /* Release */ = {
			isa = XCBuildConfiguration;
			baseConfigurationReference = 40435A5B2CBC729E99476E7E /* Pods-AVFRTestTests.release.xcconfig */;
			buildSettings = {
				ALWAYS_EMBED_SWIFT_STANDARD_LIBRARIES = YES;
				BUNDLE_LOADER = "$(TEST_HOST)";
				CODE_SIGN_STYLE = Automatic;
				INFOPLIST_FILE = AVFRTestTests/Info.plist;
				LD_RUNPATH_SEARCH_PATHS = (
					"$(inherited)",
					"@executable_path/Frameworks",
					"@loader_path/Frameworks",
				);
				PRODUCT_BUNDLE_IDENTIFIER = com.test.johnson.AVFRTestTests;
				PRODUCT_NAME = "$(TARGET_NAME)";
				SWIFT_VERSION = 4.2;
				TARGETED_DEVICE_FAMILY = "1,2";
				TEST_HOST = "$(BUILT_PRODUCTS_DIR)/AVFRTest.app/AVFRTest";
			};
			name = Release;
		};
		98F9CFBE21A685CC00D89499 /* Debug */ = {
			isa = XCBuildConfiguration;
			baseConfigurationReference = 62FE0ED4ACFA1247E1066130 /* Pods-AVFRTestUITests.debug.xcconfig */;
			buildSettings = {
				ALWAYS_EMBED_SWIFT_STANDARD_LIBRARIES = YES;
				CODE_SIGN_STYLE = Automatic;
				INFOPLIST_FILE = AVFRTestUITests/Info.plist;
				LD_RUNPATH_SEARCH_PATHS = (
					"$(inherited)",
					"@executable_path/Frameworks",
					"@loader_path/Frameworks",
				);
				PRODUCT_BUNDLE_IDENTIFIER = com.test.johnson.AVFRTestUITests;
				PRODUCT_NAME = "$(TARGET_NAME)";
				SWIFT_VERSION = 4.2;
				TARGETED_DEVICE_FAMILY = "1,2";
				TEST_TARGET_NAME = AVFRTest;
			};
			name = Debug;
		};
		98F9CFBF21A685CC00D89499 /* Release */ = {
			isa = XCBuildConfiguration;
			baseConfigurationReference = 04054AC0B1062985CC4881C8 /* Pods-AVFRTestUITests.release.xcconfig */;
			buildSettings = {
				ALWAYS_EMBED_SWIFT_STANDARD_LIBRARIES = YES;
				CODE_SIGN_STYLE = Automatic;
				INFOPLIST_FILE = AVFRTestUITests/Info.plist;
				LD_RUNPATH_SEARCH_PATHS = (
					"$(inherited)",
					"@executable_path/Frameworks",
					"@loader_path/Frameworks",
				);
				PRODUCT_BUNDLE_IDENTIFIER = com.test.johnson.AVFRTestUITests;
				PRODUCT_NAME = "$(TARGET_NAME)";
				SWIFT_VERSION = 4.2;
				TARGETED_DEVICE_FAMILY = "1,2";
				TEST_TARGET_NAME = AVFRTest;
			};
			name = Release;
		};
/* End XCBuildConfiguration section */

/* Begin XCConfigurationList section */
		98F9CF8A21A685CA00D89499 /* Build configuration list for PBXProject "AVFRTest" */ = {
			isa = XCConfigurationList;
			buildConfigurations = (
				98F9CFB521A685CC00D89499 /* Debug */,
				98F9CFB621A685CC00D89499 /* Release */,
			);
			defaultConfigurationIsVisible = 0;
			defaultConfigurationName = Release;
		};
		98F9CFB721A685CC00D89499 /* Build configuration list for PBXNativeTarget "AVFRTest" */ = {
			isa = XCConfigurationList;
			buildConfigurations = (
				98F9CFB821A685CC00D89499 /* Debug */,
				98F9CFB921A685CC00D89499 /* Release */,
			);
			defaultConfigurationIsVisible = 0;
			defaultConfigurationName = Release;
		};
		98F9CFBA21A685CC00D89499 /* Build configuration list for PBXNativeTarget "AVFRTestTests" */ = {
			isa = XCConfigurationList;
			buildConfigurations = (
				98F9CFBB21A685CC00D89499 /* Debug */,
				98F9CFBC21A685CC00D89499 /* Release */,
			);
			defaultConfigurationIsVisible = 0;
			defaultConfigurationName = Release;
		};
		98F9CFBD21A685CC00D89499 /* Build configuration list for PBXNativeTarget "AVFRTestUITests" */ = {
			isa = XCConfigurationList;
			buildConfigurations = (
				98F9CFBE21A685CC00D89499 /* Debug */,
				98F9CFBF21A685CC00D89499 /* Release */,
			);
			defaultConfigurationIsVisible = 0;
			defaultConfigurationName = Release;
		};
/* End XCConfigurationList section */
	};
	rootObject = 98F9CF8721A685CA00D89499 /* Project object */;
}
